
Microsoft Visual Studio Solution File, Format Version 12.00
# Visual Studio Version 17
VisualStudioVersion = 17.8.34511.84
MinimumVisualStudioVersion = 10.0.40219.1
Project("{FAE04EC0-301F-11D3-BF4B-00C04F79EFBC}") = "MonoGame assignment 1", "MonoGame assignment 1.csproj", "{1394ACE1-3BD0-471C-A8A7-BB965AF734D8}"
EndProject
Global
	GlobalSection(SolutionConfigurationPlatforms) = preSolution
		Debug|Any CPU = Debug|Any CPU
		Release|Any CPU = Release|Any CPU
	EndGlobalSection
	GlobalSection(ProjectConfigurationPlatforms) = postSolution
		{1394ACE1-3BD0-471C-A8A7-BB965AF734D8}.Debug|Any CPU.ActiveCfg = Debug|Any CPU
		{1394ACE1-3BD0-471C-A8A7-BB965AF734D8}.Debug|Any CPU.Build.0 = Debug|Any CPU
		{1394ACE1-3BD0-471C-A8A7-BB965AF734D8}.Release|Any CPU.ActiveCfg = Release|Any CPU
		{1394ACE1-3BD0-471C-A8A7-BB965AF734D8}.Release|Any CPU.Build.0 = Release|Any CPU
	EndGlobalSection
	GlobalSection(SolutionProperties) = preSolution
		HideSolutionNode = FALSE
	EndGlobalSection
	GlobalSection(ExtensibilityGlobals) = postSolution
		SolutionGuid = {20875AFE-7D9F-4FCC-95E8-E7BB28FE8D10}
	EndGlobalSection
EndGlobal
